{
  "name": "pytorch",
  "lockfileVersion": 2,
  "requires": true,
  "packages": {
    "": {
      "devDependencies": {
        "@types/node": "^16.7.2"
      }
    },
    "node_modules/@types/node": {
      "version": "16.7.2",
      "resolved": "https://registry.nlark.com/@types/node/download/@types/node-16.7.2.tgz?cache=0&other_urls=https%3A%2F%2Fregistry.nlark.com%2F%40types%2Fnode%2Fdownload%2F%40types%2Fnode-16.7.2.tgz",
      "integrity": "sha1-BGWjm1RWthoE2YvVVF+LNL40DLc=",
      "dev": true
    }
  },
  "dependencies": {
    "@types/node": {
      "version": "16.7.2",
      "resolved": "https://registry.nlark.com/@types/node/download/@types/node-16.7.2.tgz?cache=0&other_urls=https%3A%2F%2Fregistry.nlark.com%2F%40types%2Fnode%2Fdownload%2F%40types%2Fnode-16.7.2.tgz",
      "integrity": "sha1-BGWjm1RWthoE2YvVVF+LNL40DLc=",
      "dev": true
    }
  }
}
